
Microsoft Visual Studio Solution File, Format Version 12.00
# Visual Studio Version 16
VisualStudioVersion = 16.0.30204.135
MinimumVisualStudioVersion = 10.0.40219.1
Project("{FAE04EC0-301F-11D3-BF4B-00C04F79EFBC}") = "BankingTests", "BankingTests\BankingTests.csproj", "{6C028866-8BCF-46BC-9A67-491FE3B0B50D}"
EndProject
Project("{FAE04EC0-301F-11D3-BF4B-00C04F79EFBC}") = "BankingDomain", "BankingDomain\BankingDomain.csproj", "{1600BCB9-8FF6-4702-A81D-204FFC92273F}"
EndProject
Global
	GlobalSection(SolutionConfigurationPlatforms) = preSolution
		Debug|Any CPU = Debug|Any CPU
		Release|Any CPU = Release|Any CPU
	EndGlobalSection
	GlobalSection(ProjectConfigurationPlatforms) = postSolution
		{6C028866-8BCF-46BC-9A67-491FE3B0B50D}.Debug|Any CPU.ActiveCfg = Debug|Any CPU
		{6C028866-8BCF-46BC-9A67-491FE3B0B50D}.Debug|Any CPU.Build.0 = Debug|Any CPU
		{6C028866-8BCF-46BC-9A67-491FE3B0B50D}.Release|Any CPU.ActiveCfg = Release|Any CPU
		{6C028866-8BCF-46BC-9A67-491FE3B0B50D}.Release|Any CPU.Build.0 = Release|Any CPU
		{1600BCB9-8FF6-4702-A81D-204FFC92273F}.Debug|Any CPU.ActiveCfg = Debug|Any CPU
		{1600BCB9-8FF6-4702-A81D-204FFC92273F}.Debug|Any CPU.Build.0 = Debug|Any CPU
		{1600BCB9-8FF6-4702-A81D-204FFC92273F}.Release|Any CPU.ActiveCfg = Release|Any CPU
		{1600BCB9-8FF6-4702-A81D-204FFC92273F}.Release|Any CPU.Build.0 = Release|Any CPU
	EndGlobalSection
	GlobalSection(SolutionProperties) = preSolution
		HideSolutionNode = FALSE
	EndGlobalSection
	GlobalSection(ExtensibilityGlobals) = postSolution
		SolutionGuid = {DFA47414-979D-41BA-B582-5B618A328194}
	EndGlobalSection
EndGlobal
